[root]
name = "metallircd"
version = "0.0.1"
dependencies = [
 "irccp 0.0.1 (git+https://github.com/metallirc/irccp-rs.git#2609d6539787e7e363854aaba992e98093f17c12)",
 "uuid 0.0.1 (git+https://github.com/rust-lang/uuid.git#c6159089a491ff4398c6d423263a085c95092a04)",
]

[[package]]
name = "irccp"
version = "0.0.1"
source = "git+https://github.com/metallirc/irccp-rs.git#2609d6539787e7e363854aaba992e98093f17c12"

[[package]]
name = "uuid"
version = "0.0.1"
source = "git+https://github.com/rust-lang/uuid.git#c6159089a491ff4398c6d423263a085c95092a04"

